// !$*UTF8*$!
{
	archiveVersion = 1;
	classes = {
	};
	objectVersion = 56;
	objects = {

/* Begin PBXBuildFile section */
		1E5CF83B29EDAC4600836826 /* iDecideApp.swift in Sources */ = {isa = PBXBuildFile; fileRef = 1E5CF83A29EDAC4600836826 /* iDecideApp.swift */; };
		1E5CF83D29EDAC4600836826 /* ContentView.swift in Sources */ = {isa = PBXBuildFile; fileRef = 1E5CF83C29EDAC4600836826 /* ContentView.swift */; };
		1E5CF83F29EDAC4900836826 /* Assets.xcassets in Resources */ = {isa = PBXBuildFile; fileRef = 1E5CF83E29EDAC4900836826 /* Assets.xcassets */; };
		1E5CF84229EDAC4900836826 /* Preview Assets.xcassets in Resources */ = {isa = PBXBuildFile; fileRef = 1E5CF84129EDAC4900836826 /* Preview Assets.xcassets */; };
		1E5CF84929EF8EC300836826 /* PreviousDecisions.swift in Sources */ = {isa = PBXBuildFile; fileRef = 1E5CF84829EF8EC300836826 /* PreviousDecisions.swift */; };
		1E5CF84B29EFA2F700836826 /* Name.swift in Sources */ = {isa = PBXBuildFile; fileRef = 1E5CF84A29EFA2F700836826 /* Name.swift */; };
		1E5CF84D29EFA92E00836826 /* CoinFlip.swift in Sources */ = {isa = PBXBuildFile; fileRef = 1E5CF84C29EFA92E00836826 /* CoinFlip.swift */; };
		1E5CF84F29EFAA1D00836826 /* Matrix.swift in Sources */ = {isa = PBXBuildFile; fileRef = 1E5CF84E29EFAA1D00836826 /* Matrix.swift */; };
		1EA23DA129F76AC9003DD82B /* GoogleSigninBtn.swift in Sources */ = {isa = PBXBuildFile; fileRef = 1EA23DA029F76AC9003DD82B /* GoogleSigninBtn.swift */; };
		1EA23DA329F77FC5003DD82B /* SignUp.swift in Sources */ = {isa = PBXBuildFile; fileRef = 1EA23DA229F77FC5003DD82B /* SignUp.swift */; };
		1EAB4CB529FC515F00459234 /* DecisionItem.swift in Sources */ = {isa = PBXBuildFile; fileRef = 1EAB4CB429FC515F00459234 /* DecisionItem.swift */; };
		1ECD0C7C29F8320100B34250 /* Decisions.swift in Sources */ = {isa = PBXBuildFile; fileRef = 1ECD0C7B29F8320100B34250 /* Decisions.swift */; };
		2DC5042E29F65312006883AA /* ProsCons.swift in Sources */ = {isa = PBXBuildFile; fileRef = 2DC5042D29F65312006883AA /* ProsCons.swift */; };
		9F00B0EC2A00B35100B5E16D /* FirebaseAnalytics in Frameworks */ = {isa = PBXBuildFile; productRef = 9F00B0EB2A00B35100B5E16D /* FirebaseAnalytics */; };
		9F00B0EE2A00B35100B5E16D /* FirebaseAnalyticsOnDeviceConversion in Frameworks */ = {isa = PBXBuildFile; productRef = 9F00B0ED2A00B35100B5E16D /* FirebaseAnalyticsOnDeviceConversion */; };
		9F00B0F02A00B35100B5E16D /* FirebaseAnalyticsSwift in Frameworks */ = {isa = PBXBuildFile; productRef = 9F00B0EF2A00B35100B5E16D /* FirebaseAnalyticsSwift */; };
		9F00B0F22A00B35100B5E16D /* FirebaseAnalyticsWithoutAdIdSupport in Frameworks */ = {isa = PBXBuildFile; productRef = 9F00B0F12A00B35100B5E16D /* FirebaseAnalyticsWithoutAdIdSupport */; };
		9F00B0F42A00B35100B5E16D /* FirebaseAppCheck in Frameworks */ = {isa = PBXBuildFile; productRef = 9F00B0F32A00B35100B5E16D /* FirebaseAppCheck */; };
		9F00B0F62A00B35100B5E16D /* FirebaseAppDistribution-Beta in Frameworks */ = {isa = PBXBuildFile; productRef = 9F00B0F52A00B35100B5E16D /* FirebaseAppDistribution-Beta */; };
		9F00B0F82A00B35100B5E16D /* FirebaseAuth in Frameworks */ = {isa = PBXBuildFile; productRef = 9F00B0F72A00B35100B5E16D /* FirebaseAuth */; };
		9F00B0FA2A00B35100B5E16D /* FirebaseAuthCombine-Community in Frameworks */ = {isa = PBXBuildFile; productRef = 9F00B0F92A00B35100B5E16D /* FirebaseAuthCombine-Community */; };
		9F00B0FC2A00B35100B5E16D /* FirebaseCrashlytics in Frameworks */ = {isa = PBXBuildFile; productRef = 9F00B0FB2A00B35100B5E16D /* FirebaseCrashlytics */; };
		9F00B0FE2A00B35100B5E16D /* FirebaseDatabase in Frameworks */ = {isa = PBXBuildFile; productRef = 9F00B0FD2A00B35100B5E16D /* FirebaseDatabase */; };
		9F00B1002A00B35100B5E16D /* FirebaseDatabaseSwift in Frameworks */ = {isa = PBXBuildFile; productRef = 9F00B0FF2A00B35100B5E16D /* FirebaseDatabaseSwift */; };
		9F00B1022A00B35100B5E16D /* FirebaseDynamicLinks in Frameworks */ = {isa = PBXBuildFile; productRef = 9F00B1012A00B35100B5E16D /* FirebaseDynamicLinks */; };
		9F00B1042A00B35100B5E16D /* FirebaseFirestore in Frameworks */ = {isa = PBXBuildFile; productRef = 9F00B1032A00B35100B5E16D /* FirebaseFirestore */; };
		9F00B1062A00B35100B5E16D /* FirebaseFirestoreCombine-Community in Frameworks */ = {isa = PBXBuildFile; productRef = 9F00B1052A00B35100B5E16D /* FirebaseFirestoreCombine-Community */; };
		9F00B1082A00B35100B5E16D /* FirebaseFirestoreSwift in Frameworks */ = {isa = PBXBuildFile; productRef = 9F00B1072A00B35100B5E16D /* FirebaseFirestoreSwift */; };
		9F00B10A2A00B35100B5E16D /* FirebaseFunctions in Frameworks */ = {isa = PBXBuildFile; productRef = 9F00B1092A00B35100B5E16D /* FirebaseFunctions */; };
		9F00B10C2A00B35100B5E16D /* FirebaseFunctionsCombine-Community in Frameworks */ = {isa = PBXBuildFile; productRef = 9F00B10B2A00B35100B5E16D /* FirebaseFunctionsCombine-Community */; };
		9F00B10E2A00B35100B5E16D /* FirebaseInAppMessaging-Beta in Frameworks */ = {isa = PBXBuildFile; productRef = 9F00B10D2A00B35100B5E16D /* FirebaseInAppMessaging-Beta */; };
		9F00B1102A00B35100B5E16D /* FirebaseInAppMessagingSwift-Beta in Frameworks */ = {isa = PBXBuildFile; productRef = 9F00B10F2A00B35100B5E16D /* FirebaseInAppMessagingSwift-Beta */; };
		9F00B1122A00B35100B5E16D /* FirebaseInstallations in Frameworks */ = {isa = PBXBuildFile; productRef = 9F00B1112A00B35100B5E16D /* FirebaseInstallations */; };
		9F00B1142A00B35100B5E16D /* FirebaseMLModelDownloader in Frameworks */ = {isa = PBXBuildFile; productRef = 9F00B1132A00B35100B5E16D /* FirebaseMLModelDownloader */; };
		9F00B1162A00B35100B5E16D /* FirebaseMessaging in Frameworks */ = {isa = PBXBuildFile; productRef = 9F00B1152A00B35100B5E16D /* FirebaseMessaging */; };
		9F00B1182A00B35100B5E16D /* FirebasePerformance in Frameworks */ = {isa = PBXBuildFile; productRef = 9F00B1172A00B35100B5E16D /* FirebasePerformance */; };
		9F00B11A2A00B35100B5E16D /* FirebaseRemoteConfig in Frameworks */ = {isa = PBXBuildFile; productRef = 9F00B1192A00B35100B5E16D /* FirebaseRemoteConfig */; };
		9F00B11C2A00B35100B5E16D /* FirebaseRemoteConfigSwift in Frameworks */ = {isa = PBXBuildFile; productRef = 9F00B11B2A00B35100B5E16D /* FirebaseRemoteConfigSwift */; };
		9F00B11E2A00B35100B5E16D /* FirebaseStorage in Frameworks */ = {isa = PBXBuildFile; productRef = 9F00B11D2A00B35100B5E16D /* FirebaseStorage */; };
		9F00B1202A00B35100B5E16D /* FirebaseStorageCombine-Community in Frameworks */ = {isa = PBXBuildFile; productRef = 9F00B11F2A00B35100B5E16D /* FirebaseStorageCombine-Community */; };
		9F00B1282A00CA0600B5E16D /* GoogleService-Info.plist in Resources */ = {isa = PBXBuildFile; fileRef = 9F00B1272A00CA0600B5E16D /* GoogleService-Info.plist */; };
		9F00B12A2A00DAE100B5E16D /* User.swift in Sources */ = {isa = PBXBuildFile; fileRef = 9F00B1292A00DAE100B5E16D /* User.swift */; };
		9FA10E7D29EE4676003FFFB9 /* LogIn.swift in Sources */ = {isa = PBXBuildFile; fileRef = 9FA10E7C29EE4676003FFFB9 /* LogIn.swift */; };
/* End PBXBuildFile section */

/* Begin PBXFileReference section */
		1E5CF83729EDAC4600836826 /* iDecide.app */ = {isa = PBXFileReference; explicitFileType = wrapper.application; includeInIndex = 0; path = iDecide.app; sourceTree = BUILT_PRODUCTS_DIR; };
		1E5CF83A29EDAC4600836826 /* iDecideApp.swift */ = {isa = PBXFileReference; lastKnownFileType = sourcecode.swift; path = iDecideApp.swift; sourceTree = "<group>"; };
		1E5CF83C29EDAC4600836826 /* ContentView.swift */ = {isa = PBXFileReference; lastKnownFileType = sourcecode.swift; path = ContentView.swift; sourceTree = "<group>"; };
		1E5CF83E29EDAC4900836826 /* Assets.xcassets */ = {isa = PBXFileReference; lastKnownFileType = folder.assetcatalog; path = Assets.xcassets; sourceTree = "<group>"; };
		1E5CF84129EDAC4900836826 /* Preview Assets.xcassets */ = {isa = PBXFileReference; lastKnownFileType = folder.assetcatalog; path = "Preview Assets.xcassets"; sourceTree = "<group>"; };
		1E5CF84829EF8EC300836826 /* PreviousDecisions.swift */ = {isa = PBXFileReference; lastKnownFileType = sourcecode.swift; path = PreviousDecisions.swift; sourceTree = "<group>"; };
		1E5CF84A29EFA2F700836826 /* Name.swift */ = {isa = PBXFileReference; lastKnownFileType = sourcecode.swift; path = Name.swift; sourceTree = "<group>"; };
		1E5CF84C29EFA92E00836826 /* CoinFlip.swift */ = {isa = PBXFileReference; lastKnownFileType = sourcecode.swift; path = CoinFlip.swift; sourceTree = "<group>"; };
		1E5CF84E29EFAA1D00836826 /* Matrix.swift */ = {isa = PBXFileReference; lastKnownFileType = sourcecode.swift; path = Matrix.swift; sourceTree = "<group>"; };
		1EA23DA029F76AC9003DD82B /* GoogleSigninBtn.swift */ = {isa = PBXFileReference; lastKnownFileType = sourcecode.swift; path = GoogleSigninBtn.swift; sourceTree = "<group>"; };
		1EA23DA229F77FC5003DD82B /* SignUp.swift */ = {isa = PBXFileReference; lastKnownFileType = sourcecode.swift; path = SignUp.swift; sourceTree = "<group>"; };
		1EAB4CB429FC515F00459234 /* DecisionItem.swift */ = {isa = PBXFileReference; lastKnownFileType = sourcecode.swift; path = DecisionItem.swift; sourceTree = "<group>"; };
		1ECD0C7B29F8320100B34250 /* Decisions.swift */ = {isa = PBXFileReference; lastKnownFileType = sourcecode.swift; path = Decisions.swift; sourceTree = "<group>"; };
		2DC5042D29F65312006883AA /* ProsCons.swift */ = {isa = PBXFileReference; lastKnownFileType = sourcecode.swift; path = ProsCons.swift; sourceTree = "<group>"; };
		9F00B1272A00CA0600B5E16D /* GoogleService-Info.plist */ = {isa = PBXFileReference; fileEncoding = 4; lastKnownFileType = text.plist.xml; path = "GoogleService-Info.plist"; sourceTree = "<group>"; };
		9F00B1292A00DAE100B5E16D /* User.swift */ = {isa = PBXFileReference; lastKnownFileType = sourcecode.swift; path = User.swift; sourceTree = "<group>"; };
		9FA10E7C29EE4676003FFFB9 /* LogIn.swift */ = {isa = PBXFileReference; lastKnownFileType = sourcecode.swift; path = LogIn.swift; sourceTree = "<group>"; };
/* End PBXFileReference section */

/* Begin PBXFrameworksBuildPhase section */
		1E5CF83429EDAC4600836826 /* Frameworks */ = {
			isa = PBXFrameworksBuildPhase;
			buildActionMask = 2147483647;
			files = (
				9F00B0FE2A00B35100B5E16D /* FirebaseDatabase in Frameworks */,
				9F00B10C2A00B35100B5E16D /* FirebaseFunctionsCombine-Community in Frameworks */,
				9F00B1042A00B35100B5E16D /* FirebaseFirestore in Frameworks */,
				9F00B0F02A00B35100B5E16D /* FirebaseAnalyticsSwift in Frameworks */,
				9F00B0EC2A00B35100B5E16D /* FirebaseAnalytics in Frameworks */,
				9F00B0EE2A00B35100B5E16D /* FirebaseAnalyticsOnDeviceConversion in Frameworks */,
				9F00B1142A00B35100B5E16D /* FirebaseMLModelDownloader in Frameworks */,
				9F00B1082A00B35100B5E16D /* FirebaseFirestoreSwift in Frameworks */,
				9F00B0F42A00B35100B5E16D /* FirebaseAppCheck in Frameworks */,
				9F00B0F22A00B35100B5E16D /* FirebaseAnalyticsWithoutAdIdSupport in Frameworks */,
				9F00B0F82A00B35100B5E16D /* FirebaseAuth in Frameworks */,
				9F00B0FC2A00B35100B5E16D /* FirebaseCrashlytics in Frameworks */,
				9F00B11C2A00B35100B5E16D /* FirebaseRemoteConfigSwift in Frameworks */,
				9F00B10E2A00B35100B5E16D /* FirebaseInAppMessaging-Beta in Frameworks */,
				9F00B1002A00B35100B5E16D /* FirebaseDatabaseSwift in Frameworks */,
				9F00B10A2A00B35100B5E16D /* FirebaseFunctions in Frameworks */,
				9F00B1202A00B35100B5E16D /* FirebaseStorageCombine-Community in Frameworks */,
				9F00B11A2A00B35100B5E16D /* FirebaseRemoteConfig in Frameworks */,
				9F00B0F62A00B35100B5E16D /* FirebaseAppDistribution-Beta in Frameworks */,
				9F00B0FA2A00B35100B5E16D /* FirebaseAuthCombine-Community in Frameworks */,
				9F00B1182A00B35100B5E16D /* FirebasePerformance in Frameworks */,
				9F00B1102A00B35100B5E16D /* FirebaseInAppMessagingSwift-Beta in Frameworks */,
				9F00B11E2A00B35100B5E16D /* FirebaseStorage in Frameworks */,
				9F00B1022A00B35100B5E16D /* FirebaseDynamicLinks in Frameworks */,
				9F00B1062A00B35100B5E16D /* FirebaseFirestoreCombine-Community in Frameworks */,
				9F00B1162A00B35100B5E16D /* FirebaseMessaging in Frameworks */,
				9F00B1122A00B35100B5E16D /* FirebaseInstallations in Frameworks */,
			);
			runOnlyForDeploymentPostprocessing = 0;
		};
/* End PBXFrameworksBuildPhase section */

/* Begin PBXGroup section */
		1E5CF82E29EDAC4500836826 = {
			isa = PBXGroup;
			children = (
				1E5CF83929EDAC4600836826 /* iDecide */,
				1E5CF83829EDAC4600836826 /* Products */,
			);
			sourceTree = "<group>";
		};
		1E5CF83829EDAC4600836826 /* Products */ = {
			isa = PBXGroup;
			children = (
				1E5CF83729EDAC4600836826 /* iDecide.app */,
			);
			name = Products;
			sourceTree = "<group>";
		};
		1E5CF83929EDAC4600836826 /* iDecide */ = {
			isa = PBXGroup;
			children = (
				1E5CF83A29EDAC4600836826 /* iDecideApp.swift */,
				1E5CF83C29EDAC4600836826 /* ContentView.swift */,
				9FA10E7C29EE4676003FFFB9 /* LogIn.swift */,
				1EA23DA229F77FC5003DD82B /* SignUp.swift */,
				1E5CF84A29EFA2F700836826 /* Name.swift */,
				1E5CF84E29EFAA1D00836826 /* Matrix.swift */,
				1E5CF84C29EFA92E00836826 /* CoinFlip.swift */,
				1EA23DA029F76AC9003DD82B /* GoogleSigninBtn.swift */,
				1E5CF84829EF8EC300836826 /* PreviousDecisions.swift */,
				9F00B1272A00CA0600B5E16D /* GoogleService-Info.plist */,
				2DC5042F29F6545D006883AA /* Model */,
				1E5CF83E29EDAC4900836826 /* Assets.xcassets */,
				1E5CF84029EDAC4900836826 /* Preview Content */,
			);
			path = iDecide;
			sourceTree = "<group>";
		};
		1E5CF84029EDAC4900836826 /* Preview Content */ = {
			isa = PBXGroup;
			children = (
				1E5CF84129EDAC4900836826 /* Preview Assets.xcassets */,
			);
			path = "Preview Content";
			sourceTree = "<group>";
		};
		2DC5042F29F6545D006883AA /* Model */ = {
			isa = PBXGroup;
			children = (
				2DC5042D29F65312006883AA /* ProsCons.swift */,
				1ECD0C7B29F8320100B34250 /* Decisions.swift */,
				1EAB4CB429FC515F00459234 /* DecisionItem.swift */,
				9F00B1292A00DAE100B5E16D /* User.swift */,
			);
			path = Model;
			sourceTree = "<group>";
		};
/* End PBXGroup section */

/* Begin PBXNativeTarget section */
		1E5CF83629EDAC4600836826 /* iDecide */ = {
			isa = PBXNativeTarget;
			buildConfigurationList = 1E5CF84529EDAC4900836826 /* Build configuration list for PBXNativeTarget "iDecide" */;
			buildPhases = (
				1E5CF83329EDAC4600836826 /* Sources */,
				1E5CF83429EDAC4600836826 /* Frameworks */,
				1E5CF83529EDAC4600836826 /* Resources */,
			);
			buildRules = (
			);
			dependencies = (
			);
			name = iDecide;
			packageProductDependencies = (
				9F00B0EB2A00B35100B5E16D /* FirebaseAnalytics */,
				9F00B0ED2A00B35100B5E16D /* FirebaseAnalyticsOnDeviceConversion */,
				9F00B0EF2A00B35100B5E16D /* FirebaseAnalyticsSwift */,
				9F00B0F12A00B35100B5E16D /* FirebaseAnalyticsWithoutAdIdSupport */,
				9F00B0F32A00B35100B5E16D /* FirebaseAppCheck */,
				9F00B0F52A00B35100B5E16D /* FirebaseAppDistribution-Beta */,
				9F00B0F72A00B35100B5E16D /* FirebaseAuth */,
				9F00B0F92A00B35100B5E16D /* FirebaseAuthCombine-Community */,
				9F00B0FB2A00B35100B5E16D /* FirebaseCrashlytics */,
				9F00B0FD2A00B35100B5E16D /* FirebaseDatabase */,
				9F00B0FF2A00B35100B5E16D /* FirebaseDatabaseSwift */,
				9F00B1012A00B35100B5E16D /* FirebaseDynamicLinks */,
				9F00B1032A00B35100B5E16D /* FirebaseFirestore */,
				9F00B1052A00B35100B5E16D /* FirebaseFirestoreCombine-Community */,
				9F00B1072A00B35100B5E16D /* FirebaseFirestoreSwift */,
				9F00B1092A00B35100B5E16D /* FirebaseFunctions */,
				9F00B10B2A00B35100B5E16D /* FirebaseFunctionsCombine-Community */,
				9F00B10D2A00B35100B5E16D /* FirebaseInAppMessaging-Beta */,
				9F00B10F2A00B35100B5E16D /* FirebaseInAppMessagingSwift-Beta */,
				9F00B1112A00B35100B5E16D /* FirebaseInstallations */,
				9F00B1132A00B35100B5E16D /* FirebaseMLModelDownloader */,
				9F00B1152A00B35100B5E16D /* FirebaseMessaging */,
				9F00B1172A00B35100B5E16D /* FirebasePerformance */,
				9F00B1192A00B35100B5E16D /* FirebaseRemoteConfig */,
				9F00B11B2A00B35100B5E16D /* FirebaseRemoteConfigSwift */,
				9F00B11D2A00B35100B5E16D /* FirebaseStorage */,
				9F00B11F2A00B35100B5E16D /* FirebaseStorageCombine-Community */,
			);
			productName = iDecide;
			productReference = 1E5CF83729EDAC4600836826 /* iDecide.app */;
			productType = "com.apple.product-type.application";
		};
/* End PBXNativeTarget section */

/* Begin PBXProject section */
		1E5CF82F29EDAC4500836826 /* Project object */ = {
			isa = PBXProject;
			attributes = {
				BuildIndependentTargetsInParallel = 1;
				LastSwiftUpdateCheck = 1420;
				LastUpgradeCheck = 1420;
				TargetAttributes = {
					1E5CF83629EDAC4600836826 = {
						CreatedOnToolsVersion = 14.2;
					};
				};
			};
			buildConfigurationList = 1E5CF83229EDAC4500836826 /* Build configuration list for PBXProject "iDecide" */;
			compatibilityVersion = "Xcode 14.0";
			developmentRegion = en;
			hasScannedForEncodings = 0;
			knownRegions = (
				en,
				Base,
			);
			mainGroup = 1E5CF82E29EDAC4500836826;
			packageReferences = (
				9F00B0EA2A00B35100B5E16D /* XCRemoteSwiftPackageReference "firebase-ios-sdk" */,
			);
			productRefGroup = 1E5CF83829EDAC4600836826 /* Products */;
			projectDirPath = "";
			projectRoot = "";
			targets = (
				1E5CF83629EDAC4600836826 /* iDecide */,
			);
		};
/* End PBXProject section */

/* Begin PBXResourcesBuildPhase section */
		1E5CF83529EDAC4600836826 /* Resources */ = {
			isa = PBXResourcesBuildPhase;
			buildActionMask = 2147483647;
			files = (
				1E5CF84229EDAC4900836826 /* Preview Assets.xcassets in Resources */,
				1E5CF83F29EDAC4900836826 /* Assets.xcassets in Resources */,
				9F00B1282A00CA0600B5E16D /* GoogleService-Info.plist in Resources */,
			);
			runOnlyForDeploymentPostprocessing = 0;
		};
/* End PBXResourcesBuildPhase section */

/* Begin PBXSourcesBuildPhase section */
		1E5CF83329EDAC4600836826 /* Sources */ = {
			isa = PBXSourcesBuildPhase;
			buildActionMask = 2147483647;
			files = (
				9F00B12A2A00DAE100B5E16D /* User.swift in Sources */,
				1ECD0C7C29F8320100B34250 /* Decisions.swift in Sources */,
				1E5CF84F29EFAA1D00836826 /* Matrix.swift in Sources */,
				1E5CF84929EF8EC300836826 /* PreviousDecisions.swift in Sources */,
				1E5CF84D29EFA92E00836826 /* CoinFlip.swift in Sources */,
				1EA23DA129F76AC9003DD82B /* GoogleSigninBtn.swift in Sources */,
				1E5CF83D29EDAC4600836826 /* ContentView.swift in Sources */,
				9FA10E7D29EE4676003FFFB9 /* LogIn.swift in Sources */,
				2DC5042E29F65312006883AA /* ProsCons.swift in Sources */,
				1E5CF83B29EDAC4600836826 /* iDecideApp.swift in Sources */,
				1E5CF84B29EFA2F700836826 /* Name.swift in Sources */,
				1EAB4CB529FC515F00459234 /* DecisionItem.swift in Sources */,
				1EA23DA329F77FC5003DD82B /* SignUp.swift in Sources */,
			);
			runOnlyForDeploymentPostprocessing = 0;
		};
/* End PBXSourcesBuildPhase section */

/* Begin XCBuildConfiguration section */
		1E5CF84329EDAC4900836826 /* Debug */ = {
			isa = XCBuildConfiguration;
			buildSettings = {
				ALWAYS_SEARCH_USER_PATHS = NO;
				CLANG_ANALYZER_NONNULL = YES;
				CLANG_ANALYZER_NUMBER_OBJECT_CONVERSION = YES_AGGRESSIVE;
				CLANG_CXX_LANGUAGE_STANDARD = "gnu++20";
				CLANG_ENABLE_MODULES = YES;
				CLANG_ENABLE_OBJC_ARC = YES;
				CLANG_ENABLE_OBJC_WEAK = YES;
				CLANG_WARN_BLOCK_CAPTURE_AUTORELEASING = YES;
				CLANG_WARN_BOOL_CONVERSION = YES;
				CLANG_WARN_COMMA = YES;
				CLANG_WARN_CONSTANT_CONVERSION = YES;
				CLANG_WARN_DEPRECATED_OBJC_IMPLEMENTATIONS = YES;
				CLANG_WARN_DIRECT_OBJC_ISA_USAGE = YES_ERROR;
				CLANG_WARN_DOCUMENTATION_COMMENTS = YES;
				CLANG_WARN_EMPTY_BODY = YES;
				CLANG_WARN_ENUM_CONVERSION = YES;
				CLANG_WARN_INFINITE_RECURSION = YES;
				CLANG_WARN_INT_CONVERSION = YES;
				CLANG_WARN_NON_LITERAL_NULL_CONVERSION = YES;
				CLANG_WARN_OBJC_IMPLICIT_RETAIN_SELF = YES;
				CLANG_WARN_OBJC_LITERAL_CONVERSION = YES;
				CLANG_WARN_OBJC_ROOT_CLASS = YES_ERROR;
				CLANG_WARN_QUOTED_INCLUDE_IN_FRAMEWORK_HEADER = YES;
				CLANG_WARN_RANGE_LOOP_ANALYSIS = YES;
				CLANG_WARN_STRICT_PROTOTYPES = YES;
				CLANG_WARN_SUSPICIOUS_MOVE = YES;
				CLANG_WARN_UNGUARDED_AVAILABILITY = YES_AGGRESSIVE;
				CLANG_WARN_UNREACHABLE_CODE = YES;
				CLANG_WARN__DUPLICATE_METHOD_MATCH = YES;
				COPY_PHASE_STRIP = NO;
				DEBUG_INFORMATION_FORMAT = dwarf;
				ENABLE_STRICT_OBJC_MSGSEND = YES;
				ENABLE_TESTABILITY = YES;
				GCC_C_LANGUAGE_STANDARD = gnu11;
				GCC_DYNAMIC_NO_PIC = NO;
				GCC_NO_COMMON_BLOCKS = YES;
				GCC_OPTIMIZATION_LEVEL = 0;
				GCC_PREPROCESSOR_DEFINITIONS = (
					"DEBUG=1",
					"$(inherited)",
				);
				GCC_WARN_64_TO_32_BIT_CONVERSION = YES;
				GCC_WARN_ABOUT_RETURN_TYPE = YES_ERROR;
				GCC_WARN_UNDECLARED_SELECTOR = YES;
				GCC_WARN_UNINITIALIZED_AUTOS = YES_AGGRESSIVE;
				GCC_WARN_UNUSED_FUNCTION = YES;
				GCC_WARN_UNUSED_VARIABLE = YES;
				IPHONEOS_DEPLOYMENT_TARGET = 16.2;
				MTL_ENABLE_DEBUG_INFO = INCLUDE_SOURCE;
				MTL_FAST_MATH = YES;
				ONLY_ACTIVE_ARCH = YES;
				SDKROOT = iphoneos;
				SWIFT_ACTIVE_COMPILATION_CONDITIONS = DEBUG;
				SWIFT_OPTIMIZATION_LEVEL = "-Onone";
			};
			name = Debug;
		};
		1E5CF84429EDAC4900836826 /* Release */ = {
			isa = XCBuildConfiguration;
			buildSettings = {
				ALWAYS_SEARCH_USER_PATHS = NO;
				CLANG_ANALYZER_NONNULL = YES;
				CLANG_ANALYZER_NUMBER_OBJECT_CONVERSION = YES_AGGRESSIVE;
				CLANG_CXX_LANGUAGE_STANDARD = "gnu++20";
				CLANG_ENABLE_MODULES = YES;
				CLANG_ENABLE_OBJC_ARC = YES;
				CLANG_ENABLE_OBJC_WEAK = YES;
				CLANG_WARN_BLOCK_CAPTURE_AUTORELEASING = YES;
				CLANG_WARN_BOOL_CONVERSION = YES;
				CLANG_WARN_COMMA = YES;
				CLANG_WARN_CONSTANT_CONVERSION = YES;
				CLANG_WARN_DEPRECATED_OBJC_IMPLEMENTATIONS = YES;
				CLANG_WARN_DIRECT_OBJC_ISA_USAGE = YES_ERROR;
				CLANG_WARN_DOCUMENTATION_COMMENTS = YES;
				CLANG_WARN_EMPTY_BODY = YES;
				CLANG_WARN_ENUM_CONVERSION = YES;
				CLANG_WARN_INFINITE_RECURSION = YES;
				CLANG_WARN_INT_CONVERSION = YES;
				CLANG_WARN_NON_LITERAL_NULL_CONVERSION = YES;
				CLANG_WARN_OBJC_IMPLICIT_RETAIN_SELF = YES;
				CLANG_WARN_OBJC_LITERAL_CONVERSION = YES;
				CLANG_WARN_OBJC_ROOT_CLASS = YES_ERROR;
				CLANG_WARN_QUOTED_INCLUDE_IN_FRAMEWORK_HEADER = YES;
				CLANG_WARN_RANGE_LOOP_ANALYSIS = YES;
				CLANG_WARN_STRICT_PROTOTYPES = YES;
				CLANG_WARN_SUSPICIOUS_MOVE = YES;
				CLANG_WARN_UNGUARDED_AVAILABILITY = YES_AGGRESSIVE;
				CLANG_WARN_UNREACHABLE_CODE = YES;
				CLANG_WARN__DUPLICATE_METHOD_MATCH = YES;
				COPY_PHASE_STRIP = NO;
				DEBUG_INFORMATION_FORMAT = "dwarf-with-dsym";
				ENABLE_NS_ASSERTIONS = NO;
				ENABLE_STRICT_OBJC_MSGSEND = YES;
				GCC_C_LANGUAGE_STANDARD = gnu11;
				GCC_NO_COMMON_BLOCKS = YES;
				GCC_WARN_64_TO_32_BIT_CONVERSION = YES;
				GCC_WARN_ABOUT_RETURN_TYPE = YES_ERROR;
				GCC_WARN_UNDECLARED_SELECTOR = YES;
				GCC_WARN_UNINITIALIZED_AUTOS = YES_AGGRESSIVE;
				GCC_WARN_UNUSED_FUNCTION = YES;
				GCC_WARN_UNUSED_VARIABLE = YES;
				IPHONEOS_DEPLOYMENT_TARGET = 16.2;
				MTL_ENABLE_DEBUG_INFO = NO;
				MTL_FAST_MATH = YES;
				SDKROOT = iphoneos;
				SWIFT_COMPILATION_MODE = wholemodule;
				SWIFT_OPTIMIZATION_LEVEL = "-O";
				VALIDATE_PRODUCT = YES;
			};
			name = Release;
		};
		1E5CF84629EDAC4900836826 /* Debug */ = {
			isa = XCBuildConfiguration;
			buildSettings = {
				ASSETCATALOG_COMPILER_APPICON_NAME = AppIcon;
				ASSETCATALOG_COMPILER_GLOBAL_ACCENT_COLOR_NAME = AccentColor;
				CODE_SIGN_STYLE = Automatic;
				CURRENT_PROJECT_VERSION = 1;
				DEVELOPMENT_ASSET_PATHS = "\"iDecide/Preview Content\"";
				ENABLE_PREVIEWS = YES;
				GENERATE_INFOPLIST_FILE = YES;
				INFOPLIST_KEY_UIApplicationSceneManifest_Generation = YES;
				INFOPLIST_KEY_UIApplicationSupportsIndirectInputEvents = YES;
				INFOPLIST_KEY_UILaunchScreen_Generation = YES;
				INFOPLIST_KEY_UISupportedInterfaceOrientations_iPad = "UIInterfaceOrientationPortrait UIInterfaceOrientationPortraitUpsideDown UIInterfaceOrientationLandscapeLeft UIInterfaceOrientationLandscapeRight";
				INFOPLIST_KEY_UISupportedInterfaceOrientations_iPhone = "UIInterfaceOrientationPortrait UIInterfaceOrientationLandscapeLeft UIInterfaceOrientationLandscapeRight";
				LD_RUNPATH_SEARCH_PATHS = (
					"$(inherited)",
					"@executable_path/Frameworks",
				);
				MARKETING_VERSION = 1.0;
				PRODUCT_BUNDLE_IDENTIFIER = CubstartTeam11.iDecide;
				PRODUCT_NAME = "$(TARGET_NAME)";
				SWIFT_EMIT_LOC_STRINGS = YES;
				SWIFT_VERSION = 5.0;
				TARGETED_DEVICE_FAMILY = "1,2";
			};
			name = Debug;
		};
		1E5CF84729EDAC4900836826 /* Release */ = {
			isa = XCBuildConfiguration;
			buildSettings = {
				ASSETCATALOG_COMPILER_APPICON_NAME = AppIcon;
				ASSETCATALOG_COMPILER_GLOBAL_ACCENT_COLOR_NAME = AccentColor;
				CODE_SIGN_STYLE = Automatic;
				CURRENT_PROJECT_VERSION = 1;
				DEVELOPMENT_ASSET_PATHS = "\"iDecide/Preview Content\"";
				ENABLE_PREVIEWS = YES;
				GENERATE_INFOPLIST_FILE = YES;
				INFOPLIST_KEY_UIApplicationSceneManifest_Generation = YES;
				INFOPLIST_KEY_UIApplicationSupportsIndirectInputEvents = YES;
				INFOPLIST_KEY_UILaunchScreen_Generation = YES;
				INFOPLIST_KEY_UISupportedInterfaceOrientations_iPad = "UIInterfaceOrientationPortrait UIInterfaceOrientationPortraitUpsideDown UIInterfaceOrientationLandscapeLeft UIInterfaceOrientationLandscapeRight";
				INFOPLIST_KEY_UISupportedInterfaceOrientations_iPhone = "UIInterfaceOrientationPortrait UIInterfaceOrientationLandscapeLeft UIInterfaceOrientationLandscapeRight";
				LD_RUNPATH_SEARCH_PATHS = (
					"$(inherited)",
					"@executable_path/Frameworks",
				);
				MARKETING_VERSION = 1.0;
				PRODUCT_BUNDLE_IDENTIFIER = CubstartTeam11.iDecide;
				PRODUCT_NAME = "$(TARGET_NAME)";
				SWIFT_EMIT_LOC_STRINGS = YES;
				SWIFT_VERSION = 5.0;
				TARGETED_DEVICE_FAMILY = "1,2";
			};
			name = Release;
		};
/* End XCBuildConfiguration section */

/* Begin XCConfigurationList section */
		1E5CF83229EDAC4500836826 /* Build configuration list for PBXProject "iDecide" */ = {
			isa = XCConfigurationList;
			buildConfigurations = (
				1E5CF84329EDAC4900836826 /* Debug */,
				1E5CF84429EDAC4900836826 /* Release */,
			);
			defaultConfigurationIsVisible = 0;
			defaultConfigurationName = Release;
		};
		1E5CF84529EDAC4900836826 /* Build configuration list for PBXNativeTarget "iDecide" */ = {
			isa = XCConfigurationList;
			buildConfigurations = (
				1E5CF84629EDAC4900836826 /* Debug */,
				1E5CF84729EDAC4900836826 /* Release */,
			);
			defaultConfigurationIsVisible = 0;
			defaultConfigurationName = Release;
		};
/* End XCConfigurationList section */

/* Begin XCRemoteSwiftPackageReference section */
		9F00B0EA2A00B35100B5E16D /* XCRemoteSwiftPackageReference "firebase-ios-sdk" */ = {
			isa = XCRemoteSwiftPackageReference;
			repositoryURL = "https://github.com/firebase/firebase-ios-sdk";
			requirement = {
				kind = upToNextMajorVersion;
				minimumVersion = 10.0.0;
			};
		};
/* End XCRemoteSwiftPackageReference section */

/* Begin XCSwiftPackageProductDependency section */
		9F00B0EB2A00B35100B5E16D /* FirebaseAnalytics */ = {
			isa = XCSwiftPackageProductDependency;
			package = 9F00B0EA2A00B35100B5E16D /* XCRemoteSwiftPackageReference "firebase-ios-sdk" */;
			productName = FirebaseAnalytics;
		};
		9F00B0ED2A00B35100B5E16D /* FirebaseAnalyticsOnDeviceConversion */ = {
			isa = XCSwiftPackageProductDependency;
			package = 9F00B0EA2A00B35100B5E16D /* XCRemoteSwiftPackageReference "firebase-ios-sdk" */;
			productName = FirebaseAnalyticsOnDeviceConversion;
		};
		9F00B0EF2A00B35100B5E16D /* FirebaseAnalyticsSwift */ = {
			isa = XCSwiftPackageProductDependency;
			package = 9F00B0EA2A00B35100B5E16D /* XCRemoteSwiftPackageReference "firebase-ios-sdk" */;
			productName = FirebaseAnalyticsSwift;
		};
		9F00B0F12A00B35100B5E16D /* FirebaseAnalyticsWithoutAdIdSupport */ = {
			isa = XCSwiftPackageProductDependency;
			package = 9F00B0EA2A00B35100B5E16D /* XCRemoteSwiftPackageReference "firebase-ios-sdk" */;
			productName = FirebaseAnalyticsWithoutAdIdSupport;
		};
		9F00B0F32A00B35100B5E16D /* FirebaseAppCheck */ = {
			isa = XCSwiftPackageProductDependency;
			package = 9F00B0EA2A00B35100B5E16D /* XCRemoteSwiftPackageReference "firebase-ios-sdk" */;
			productName = FirebaseAppCheck;
		};
		9F00B0F52A00B35100B5E16D /* FirebaseAppDistribution-Beta */ = {
			isa = XCSwiftPackageProductDependency;
			package = 9F00B0EA2A00B35100B5E16D /* XCRemoteSwiftPackageReference "firebase-ios-sdk" */;
			productName = "FirebaseAppDistribution-Beta";
		};
		9F00B0F72A00B35100B5E16D /* FirebaseAuth */ = {
			isa = XCSwiftPackageProductDependency;
			package = 9F00B0EA2A00B35100B5E16D /* XCRemoteSwiftPackageReference "firebase-ios-sdk" */;
			productName = FirebaseAuth;
		};
		9F00B0F92A00B35100B5E16D /* FirebaseAuthCombine-Community */ = {
			isa = XCSwiftPackageProductDependency;
			package = 9F00B0EA2A00B35100B5E16D /* XCRemoteSwiftPackageReference "firebase-ios-sdk" */;
			productName = "FirebaseAuthCombine-Community";
		};
		9F00B0FB2A00B35100B5E16D /* FirebaseCrashlytics */ = {
			isa = XCSwiftPackageProductDependency;
			package = 9F00B0EA2A00B35100B5E16D /* XCRemoteSwiftPackageReference "firebase-ios-sdk" */;
			productName = FirebaseCrashlytics;
		};
		9F00B0FD2A00B35100B5E16D /* FirebaseDatabase */ = {
			isa = XCSwiftPackageProductDependency;
			package = 9F00B0EA2A00B35100B5E16D /* XCRemoteSwiftPackageReference "firebase-ios-sdk" */;
			productName = FirebaseDatabase;
		};
		9F00B0FF2A00B35100B5E16D /* FirebaseDatabaseSwift */ = {
			isa = XCSwiftPackageProductDependency;
			package = 9F00B0EA2A00B35100B5E16D /* XCRemoteSwiftPackageReference "firebase-ios-sdk" */;
			productName = FirebaseDatabaseSwift;
		};
		9F00B1012A00B35100B5E16D /* FirebaseDynamicLinks */ = {
			isa = XCSwiftPackageProductDependency;
			package = 9F00B0EA2A00B35100B5E16D /* XCRemoteSwiftPackageReference "firebase-ios-sdk" */;
			productName = FirebaseDynamicLinks;
		};
		9F00B1032A00B35100B5E16D /* FirebaseFirestore */ = {
			isa = XCSwiftPackageProductDependency;
			package = 9F00B0EA2A00B35100B5E16D /* XCRemoteSwiftPackageReference "firebase-ios-sdk" */;
			productName = FirebaseFirestore;
		};
		9F00B1052A00B35100B5E16D /* FirebaseFirestoreCombine-Community */ = {
			isa = XCSwiftPackageProductDependency;
			package = 9F00B0EA2A00B35100B5E16D /* XCRemoteSwiftPackageReference "firebase-ios-sdk" */;
			productName = "FirebaseFirestoreCombine-Community";
		};
		9F00B1072A00B35100B5E16D /* FirebaseFirestoreSwift */ = {
			isa = XCSwiftPackageProductDependency;
			package = 9F00B0EA2A00B35100B5E16D /* XCRemoteSwiftPackageReference "firebase-ios-sdk" */;
			productName = FirebaseFirestoreSwift;
		};
		9F00B1092A00B35100B5E16D /* FirebaseFunctions */ = {
			isa = XCSwiftPackageProductDependency;
			package = 9F00B0EA2A00B35100B5E16D /* XCRemoteSwiftPackageReference "firebase-ios-sdk" */;
			productName = FirebaseFunctions;
		};
		9F00B10B2A00B35100B5E16D /* FirebaseFunctionsCombine-Community */ = {
			isa = XCSwiftPackageProductDependency;
			package = 9F00B0EA2A00B35100B5E16D /* XCRemoteSwiftPackageReference "firebase-ios-sdk" */;
			productName = "FirebaseFunctionsCombine-Community";
		};
		9F00B10D2A00B35100B5E16D /* FirebaseInAppMessaging-Beta */ = {
			isa = XCSwiftPackageProductDependency;
			package = 9F00B0EA2A00B35100B5E16D /* XCRemoteSwiftPackageReference "firebase-ios-sdk" */;
			productName = "FirebaseInAppMessaging-Beta";
		};
		9F00B10F2A00B35100B5E16D /* FirebaseInAppMessagingSwift-Beta */ = {
			isa = XCSwiftPackageProductDependency;
			package = 9F00B0EA2A00B35100B5E16D /* XCRemoteSwiftPackageReference "firebase-ios-sdk" */;
			productName = "FirebaseInAppMessagingSwift-Beta";
		};
		9F00B1112A00B35100B5E16D /* FirebaseInstallations */ = {
			isa = XCSwiftPackageProductDependency;
			package = 9F00B0EA2A00B35100B5E16D /* XCRemoteSwiftPackageReference "firebase-ios-sdk" */;
			productName = FirebaseInstallations;
		};
		9F00B1132A00B35100B5E16D /* FirebaseMLModelDownloader */ = {
			isa = XCSwiftPackageProductDependency;
			package = 9F00B0EA2A00B35100B5E16D /* XCRemoteSwiftPackageReference "firebase-ios-sdk" */;
			productName = FirebaseMLModelDownloader;
		};
		9F00B1152A00B35100B5E16D /* FirebaseMessaging */ = {
			isa = XCSwiftPackageProductDependency;
			package = 9F00B0EA2A00B35100B5E16D /* XCRemoteSwiftPackageReference "firebase-ios-sdk" */;
			productName = FirebaseMessaging;
		};
		9F00B1172A00B35100B5E16D /* FirebasePerformance */ = {
			isa = XCSwiftPackageProductDependency;
			package = 9F00B0EA2A00B35100B5E16D /* XCRemoteSwiftPackageReference "firebase-ios-sdk" */;
			productName = FirebasePerformance;
		};
		9F00B1192A00B35100B5E16D /* FirebaseRemoteConfig */ = {
			isa = XCSwiftPackageProductDependency;
			package = 9F00B0EA2A00B35100B5E16D /* XCRemoteSwiftPackageReference "firebase-ios-sdk" */;
			productName = FirebaseRemoteConfig;
		};
		9F00B11B2A00B35100B5E16D /* FirebaseRemoteConfigSwift */ = {
			isa = XCSwiftPackageProductDependency;
			package = 9F00B0EA2A00B35100B5E16D /* XCRemoteSwiftPackageReference "firebase-ios-sdk" */;
			productName = FirebaseRemoteConfigSwift;
		};
		9F00B11D2A00B35100B5E16D /* FirebaseStorage */ = {
			isa = XCSwiftPackageProductDependency;
			package = 9F00B0EA2A00B35100B5E16D /* XCRemoteSwiftPackageReference "firebase-ios-sdk" */;
			productName = FirebaseStorage;
		};
		9F00B11F2A00B35100B5E16D /* FirebaseStorageCombine-Community */ = {
			isa = XCSwiftPackageProductDependency;
			package = 9F00B0EA2A00B35100B5E16D /* XCRemoteSwiftPackageReference "firebase-ios-sdk" */;
			productName = "FirebaseStorageCombine-Community";
		};
/* End XCSwiftPackageProductDependency section */
	};
	rootObject = 1E5CF82F29EDAC4500836826 /* Project object */;
}
